
Microsoft Visual Studio Solution File, Format Version 12.00
# Visual Studio Version 17
VisualStudioVersion = 17.9.34701.34
MinimumVisualStudioVersion = 10.0.40219.1
Project("{FAE04EC0-301F-11D3-BF4B-00C04F79EFBC}") = "PieShopApi", "PieShopApi\PieShopApi.csproj", "{ABB46574-2D69-413F-B0A1-0E600522DD65}"
EndProject
Project("{FAE04EC0-301F-11D3-BF4B-00C04F79EFBC}") = "PieShopConsoleClient", "PieShopConsoleClient\PieShopConsoleClient.csproj", "{8B9ADCC9-FBD9-4AFF-B16F-4EDF8BE9FB7C}"
EndProject
Global
	GlobalSection(SolutionConfigurationPlatforms) = preSolution
		Debug|Any CPU = Debug|Any CPU
		Release|Any CPU = Release|Any CPU
	EndGlobalSection
	GlobalSection(ProjectConfigurationPlatforms) = postSolution
		{ABB46574-2D69-413F-B0A1-0E600522DD65}.Debug|Any CPU.ActiveCfg = Debug|Any CPU
		{ABB46574-2D69-413F-B0A1-0E600522DD65}.Debug|Any CPU.Build.0 = Debug|Any CPU
		{ABB46574-2D69-413F-B0A1-0E600522DD65}.Release|Any CPU.ActiveCfg = Release|Any CPU
		{ABB46574-2D69-413F-B0A1-0E600522DD65}.Release|Any CPU.Build.0 = Release|Any CPU
		{8B9ADCC9-FBD9-4AFF-B16F-4EDF8BE9FB7C}.Debug|Any CPU.ActiveCfg = Debug|Any CPU
		{8B9ADCC9-FBD9-4AFF-B16F-4EDF8BE9FB7C}.Debug|Any CPU.Build.0 = Debug|Any CPU
		{8B9ADCC9-FBD9-4AFF-B16F-4EDF8BE9FB7C}.Release|Any CPU.ActiveCfg = Release|Any CPU
		{8B9ADCC9-FBD9-4AFF-B16F-4EDF8BE9FB7C}.Release|Any CPU.Build.0 = Release|Any CPU
	EndGlobalSection
	GlobalSection(SolutionProperties) = preSolution
		HideSolutionNode = FALSE
	EndGlobalSection
	GlobalSection(ExtensibilityGlobals) = postSolution
		SolutionGuid = {341B089F-15D3-4487-AA95-F7288C93F7BC}
	EndGlobalSection
EndGlobal
